// !$*UTF8*$!
{
	archiveVersion = 1;
	classes = {
	};
	objectVersion = 50;
	objects = {

/* Begin PBXBuildFile section */
		638EE23C248A367800978764 /* AppDelegate.m in Sources */ = {isa = PBXBuildFile; fileRef = 638EE23B248A367800978764 /* AppDelegate.m */; };
		638EE23F248A367800978764 /* SceneDelegate.m in Sources */ = {isa = PBXBuildFile; fileRef = 638EE23E248A367800978764 /* SceneDelegate.m */; };
		638EE242248A367800978764 /* ViewController.m in Sources */ = {isa = PBXBuildFile; fileRef = 638EE241248A367800978764 /* ViewController.m */; };
		638EE245248A367800978764 /* Main.storyboard in Resources */ = {isa = PBXBuildFile; fileRef = 638EE243248A367800978764 /* Main.storyboard */; };
		638EE247248A367D00978764 /* Assets.xcassets in Resources */ = {isa = PBXBuildFile; fileRef = 638EE246248A367D00978764 /* Assets.xcassets */; };
		638EE24A248A367D00978764 /* LaunchScreen.storyboard in Resources */ = {isa = PBXBuildFile; fileRef = 638EE248248A367D00978764 /* LaunchScreen.storyboard */; };
		638EE24D248A367D00978764 /* main.m in Sources */ = {isa = PBXBuildFile; fileRef = 638EE24C248A367D00978764 /* main.m */; };
		638EE25F248A368C00978764 /* YOBaseChartView.m in Sources */ = {isa = PBXBuildFile; fileRef = 638EE254248A368C00978764 /* YOBaseChartView.m */; };
		638EE260248A368C00978764 /* YOYAxis.m in Sources */ = {isa = PBXBuildFile; fileRef = 638EE25A248A368C00978764 /* YOYAxis.m */; };
		638EE261248A368C00978764 /* YOXAxis.m in Sources */ = {isa = PBXBuildFile; fileRef = 638EE25B248A368C00978764 /* YOXAxis.m */; };
		638EE262248A368C00978764 /* YOChartViewModel.m in Sources */ = {isa = PBXBuildFile; fileRef = 638EE25E248A368C00978764 /* YOChartViewModel.m */; };
		638EE268248A38E200978764 /* YOBooldPressureView.m in Sources */ = {isa = PBXBuildFile; fileRef = 638EE267248A38E200978764 /* YOBooldPressureView.m */; };
		638EE26C248A3CE600978764 /* YOBooldPressureBarView.m in Sources */ = {isa = PBXBuildFile; fileRef = 638EE26B248A3CE600978764 /* YOBooldPressureBarView.m */; };
		638EE270248A490000978764 /* YOBPValueModel.m in Sources */ = {isa = PBXBuildFile; fileRef = 638EE26F248A490000978764 /* YOBPValueModel.m */; };
		638EE275248A4B8400978764 /* MainViewController.m in Sources */ = {isa = PBXBuildFile; fileRef = 638EE273248A4B8400978764 /* MainViewController.m */; };
		638EE276248A4B8400978764 /* MainViewController.xib in Resources */ = {isa = PBXBuildFile; fileRef = 638EE274248A4B8400978764 /* MainViewController.xib */; };
		638EE27B248A4C9900978764 /* BooldPreViewController.m in Sources */ = {isa = PBXBuildFile; fileRef = 638EE279248A4C9900978764 /* BooldPreViewController.m */; };
		638EE27C248A4C9900978764 /* BooldPreViewController.xib in Resources */ = {isa = PBXBuildFile; fileRef = 638EE27A248A4C9900978764 /* BooldPreViewController.xib */; };
/* End PBXBuildFile section */

/* Begin PBXFileReference section */
		638EE237248A367800978764 /* HealthChartView.app */ = {isa = PBXFileReference; explicitFileType = wrapper.application; includeInIndex = 0; path = HealthChartView.app; sourceTree = BUILT_PRODUCTS_DIR; };
		638EE23A248A367800978764 /* AppDelegate.h */ = {isa = PBXFileReference; lastKnownFileType = sourcecode.c.h; path = AppDelegate.h; sourceTree = "<group>"; };
		638EE23B248A367800978764 /* AppDelegate.m */ = {isa = PBXFileReference; lastKnownFileType = sourcecode.c.objc; path = AppDelegate.m; sourceTree = "<group>"; };
		638EE23D248A367800978764 /* SceneDelegate.h */ = {isa = PBXFileReference; lastKnownFileType = sourcecode.c.h; path = SceneDelegate.h; sourceTree = "<group>"; };
		638EE23E248A367800978764 /* SceneDelegate.m */ = {isa = PBXFileReference; lastKnownFileType = sourcecode.c.objc; path = SceneDelegate.m; sourceTree = "<group>"; };
		638EE240248A367800978764 /* ViewController.h */ = {isa = PBXFileReference; lastKnownFileType = sourcecode.c.h; path = ViewController.h; sourceTree = "<group>"; };
		638EE241248A367800978764 /* ViewController.m */ = {isa = PBXFileReference; lastKnownFileType = sourcecode.c.objc; path = ViewController.m; sourceTree = "<group>"; };
		638EE244248A367800978764 /* Base */ = {isa = PBXFileReference; lastKnownFileType = file.storyboard; name = Base; path = Base.lproj/Main.storyboard; sourceTree = "<group>"; };
		638EE246248A367D00978764 /* Assets.xcassets */ = {isa = PBXFileReference; lastKnownFileType = folder.assetcatalog; path = Assets.xcassets; sourceTree = "<group>"; };
		638EE249248A367D00978764 /* Base */ = {isa = PBXFileReference; lastKnownFileType = file.storyboard; name = Base; path = Base.lproj/LaunchScreen.storyboard; sourceTree = "<group>"; };
		638EE24B248A367D00978764 /* Info.plist */ = {isa = PBXFileReference; lastKnownFileType = text.plist.xml; path = Info.plist; sourceTree = "<group>"; };
		638EE24C248A367D00978764 /* main.m */ = {isa = PBXFileReference; lastKnownFileType = sourcecode.c.objc; path = main.m; sourceTree = "<group>"; };
		638EE254248A368C00978764 /* YOBaseChartView.m */ = {isa = PBXFileReference; fileEncoding = 4; lastKnownFileType = sourcecode.c.objc; path = YOBaseChartView.m; sourceTree = "<group>"; };
		638EE256248A368C00978764 /* YOBaseChartView.h */ = {isa = PBXFileReference; fileEncoding = 4; lastKnownFileType = sourcecode.c.h; path = YOBaseChartView.h; sourceTree = "<group>"; };
		638EE258248A368C00978764 /* YOYAxis.h */ = {isa = PBXFileReference; fileEncoding = 4; lastKnownFileType = sourcecode.c.h; path = YOYAxis.h; sourceTree = "<group>"; };
		638EE259248A368C00978764 /* YOXAxis.h */ = {isa = PBXFileReference; fileEncoding = 4; lastKnownFileType = sourcecode.c.h; path = YOXAxis.h; sourceTree = "<group>"; };
		638EE25A248A368C00978764 /* YOYAxis.m */ = {isa = PBXFileReference; fileEncoding = 4; lastKnownFileType = sourcecode.c.objc; path = YOYAxis.m; sourceTree = "<group>"; };
		638EE25B248A368C00978764 /* YOXAxis.m */ = {isa = PBXFileReference; fileEncoding = 4; lastKnownFileType = sourcecode.c.objc; path = YOXAxis.m; sourceTree = "<group>"; };
		638EE25D248A368C00978764 /* YOChartViewModel.h */ = {isa = PBXFileReference; fileEncoding = 4; lastKnownFileType = sourcecode.c.h; path = YOChartViewModel.h; sourceTree = "<group>"; };
		638EE25E248A368C00978764 /* YOChartViewModel.m */ = {isa = PBXFileReference; fileEncoding = 4; lastKnownFileType = sourcecode.c.objc; path = YOChartViewModel.m; sourceTree = "<group>"; };
		638EE266248A38E200978764 /* YOBooldPressureView.h */ = {isa = PBXFileReference; lastKnownFileType = sourcecode.c.h; path = YOBooldPressureView.h; sourceTree = "<group>"; };
		638EE267248A38E200978764 /* YOBooldPressureView.m */ = {isa = PBXFileReference; lastKnownFileType = sourcecode.c.objc; path = YOBooldPressureView.m; sourceTree = "<group>"; };
		638EE26A248A3CE600978764 /* YOBooldPressureBarView.h */ = {isa = PBXFileReference; lastKnownFileType = sourcecode.c.h; path = YOBooldPressureBarView.h; sourceTree = "<group>"; };
		638EE26B248A3CE600978764 /* YOBooldPressureBarView.m */ = {isa = PBXFileReference; lastKnownFileType = sourcecode.c.objc; path = YOBooldPressureBarView.m; sourceTree = "<group>"; };
		638EE26E248A490000978764 /* YOBPValueModel.h */ = {isa = PBXFileReference; lastKnownFileType = sourcecode.c.h; path = YOBPValueModel.h; sourceTree = "<group>"; };
		638EE26F248A490000978764 /* YOBPValueModel.m */ = {isa = PBXFileReference; lastKnownFileType = sourcecode.c.objc; path = YOBPValueModel.m; sourceTree = "<group>"; };
		638EE272248A4B8400978764 /* MainViewController.h */ = {isa = PBXFileReference; lastKnownFileType = sourcecode.c.h; path = MainViewController.h; sourceTree = "<group>"; };
		638EE273248A4B8400978764 /* MainViewController.m */ = {isa = PBXFileReference; lastKnownFileType = sourcecode.c.objc; path = MainViewController.m; sourceTree = "<group>"; };
		638EE274248A4B8400978764 /* MainViewController.xib */ = {isa = PBXFileReference; lastKnownFileType = file.xib; path = MainViewController.xib; sourceTree = "<group>"; };
		638EE278248A4C9900978764 /* BooldPreViewController.h */ = {isa = PBXFileReference; lastKnownFileType = sourcecode.c.h; path = BooldPreViewController.h; sourceTree = "<group>"; };
		638EE279248A4C9900978764 /* BooldPreViewController.m */ = {isa = PBXFileReference; lastKnownFileType = sourcecode.c.objc; path = BooldPreViewController.m; sourceTree = "<group>"; };
		638EE27A248A4C9900978764 /* BooldPreViewController.xib */ = {isa = PBXFileReference; lastKnownFileType = file.xib; path = BooldPreViewController.xib; sourceTree = "<group>"; };
/* End PBXFileReference section */

/* Begin PBXFrameworksBuildPhase section */
		638EE234248A367800978764 /* Frameworks */ = {
			isa = PBXFrameworksBuildPhase;
			buildActionMask = 2147483647;
			files = (
			);
			runOnlyForDeploymentPostprocessing = 0;
		};
/* End PBXFrameworksBuildPhase section */

/* Begin PBXGroup section */
		638EE22E248A367800978764 = {
			isa = PBXGroup;
			children = (
				638EE239248A367800978764 /* HealthChartView */,
				638EE238248A367800978764 /* Products */,
			);
			sourceTree = "<group>";
		};
		638EE238248A367800978764 /* Products */ = {
			isa = PBXGroup;
			children = (
				638EE237248A367800978764 /* HealthChartView.app */,
			);
			name = Products;
			sourceTree = "<group>";
		};
		638EE239248A367800978764 /* HealthChartView */ = {
			isa = PBXGroup;
			children = (
				638EE271248A4B6700978764 /* mian */,
				638EE253248A368C00978764 /* ChartView */,
				638EE23A248A367800978764 /* AppDelegate.h */,
				638EE23B248A367800978764 /* AppDelegate.m */,
				638EE23D248A367800978764 /* SceneDelegate.h */,
				638EE23E248A367800978764 /* SceneDelegate.m */,
				638EE240248A367800978764 /* ViewController.h */,
				638EE241248A367800978764 /* ViewController.m */,
				638EE243248A367800978764 /* Main.storyboard */,
				638EE246248A367D00978764 /* Assets.xcassets */,
				638EE248248A367D00978764 /* LaunchScreen.storyboard */,
				638EE24B248A367D00978764 /* Info.plist */,
				638EE24C248A367D00978764 /* main.m */,
			);
			path = HealthChartView;
			sourceTree = "<group>";
		};
		638EE253248A368C00978764 /* ChartView */ = {
			isa = PBXGroup;
			children = (
				638EE27D248A511B00978764 /* Base */,
				638EE255248A368C00978764 /* Boold */,
			);
			path = ChartView;
			sourceTree = "<group>";
		};
		638EE255248A368C00978764 /* Boold */ = {
			isa = PBXGroup;
			children = (
				638EE26D248A48D800978764 /* model */,
				638EE269248A3CAE00978764 /* view */,
				638EE266248A38E200978764 /* YOBooldPressureView.h */,
				638EE267248A38E200978764 /* YOBooldPressureView.m */,
			);
			path = Boold;
			sourceTree = "<group>";
		};
		638EE257248A368C00978764 /* Axis */ = {
			isa = PBXGroup;
			children = (
				638EE259248A368C00978764 /* YOXAxis.h */,
				638EE25B248A368C00978764 /* YOXAxis.m */,
				638EE258248A368C00978764 /* YOYAxis.h */,
				638EE25A248A368C00978764 /* YOYAxis.m */,
			);
			path = Axis;
			sourceTree = "<group>";
		};
		638EE25C248A368C00978764 /* model */ = {
			isa = PBXGroup;
			children = (
				638EE25D248A368C00978764 /* YOChartViewModel.h */,
				638EE25E248A368C00978764 /* YOChartViewModel.m */,
			);
			path = model;
			sourceTree = "<group>";
		};
		638EE269248A3CAE00978764 /* view */ = {
			isa = PBXGroup;
			children = (
				638EE26A248A3CE600978764 /* YOBooldPressureBarView.h */,
				638EE26B248A3CE600978764 /* YOBooldPressureBarView.m */,
			);
			path = view;
			sourceTree = "<group>";
		};
		638EE26D248A48D800978764 /* model */ = {
			isa = PBXGroup;
			children = (
				638EE26E248A490000978764 /* YOBPValueModel.h */,
				638EE26F248A490000978764 /* YOBPValueModel.m */,
			);
			path = model;
			sourceTree = "<group>";
		};
		638EE271248A4B6700978764 /* mian */ = {
			isa = PBXGroup;
			children = (
				638EE277248A4C7E00978764 /* BooldPreusee */,
				638EE272248A4B8400978764 /* MainViewController.h */,
				638EE273248A4B8400978764 /* MainViewController.m */,
				638EE274248A4B8400978764 /* MainViewController.xib */,
			);
			path = mian;
			sourceTree = "<group>";
		};
		638EE277248A4C7E00978764 /* BooldPreusee */ = {
			isa = PBXGroup;
			children = (
				638EE278248A4C9900978764 /* BooldPreViewController.h */,
				638EE279248A4C9900978764 /* BooldPreViewController.m */,
				638EE27A248A4C9900978764 /* BooldPreViewController.xib */,
			);
			path = BooldPreusee;
			sourceTree = "<group>";
		};
		638EE27D248A511B00978764 /* Base */ = {
			isa = PBXGroup;
			children = (
				638EE25C248A368C00978764 /* model */,
				638EE257248A368C00978764 /* Axis */,
				638EE256248A368C00978764 /* YOBaseChartView.h */,
				638EE254248A368C00978764 /* YOBaseChartView.m */,
			);
			path = Base;
			sourceTree = "<group>";
		};
/* End PBXGroup section */

/* Begin PBXNativeTarget section */
		638EE236248A367800978764 /* HealthChartView */ = {
			isa = PBXNativeTarget;
			buildConfigurationList = 638EE250248A367E00978764 /* Build configuration list for PBXNativeTarget "HealthChartView" */;
			buildPhases = (
				638EE233248A367800978764 /* Sources */,
				638EE234248A367800978764 /* Frameworks */,
				638EE235248A367800978764 /* Resources */,
			);
			buildRules = (
			);
			dependencies = (
			);
			name = HealthChartView;
			productName = HealthChartView;
			productReference = 638EE237248A367800978764 /* HealthChartView.app */;
			productType = "com.apple.product-type.application";
		};
/* End PBXNativeTarget section */

/* Begin PBXProject section */
		638EE22F248A367800978764 /* Project object */ = {
			isa = PBXProject;
			attributes = {
				LastUpgradeCheck = 1140;
				ORGANIZATIONNAME = HOrange;
				TargetAttributes = {
					638EE236248A367800978764 = {
						CreatedOnToolsVersion = 11.4.1;
					};
				};
			};
			buildConfigurationList = 638EE232248A367800978764 /* Build configuration list for PBXProject "HealthChartView" */;
			compatibilityVersion = "Xcode 9.3";
			developmentRegion = en;
			hasScannedForEncodings = 0;
			knownRegions = (
				en,
				Base,
			);
			mainGroup = 638EE22E248A367800978764;
			productRefGroup = 638EE238248A367800978764 /* Products */;
			projectDirPath = "";
			projectRoot = "";
			targets = (
				638EE236248A367800978764 /* HealthChartView */,
			);
		};
/* End PBXProject section */

/* Begin PBXResourcesBuildPhase section */
		638EE235248A367800978764 /* Resources */ = {
			isa = PBXResourcesBuildPhase;
			buildActionMask = 2147483647;
			files = (
				638EE24A248A367D00978764 /* LaunchScreen.storyboard in Resources */,
				638EE247248A367D00978764 /* Assets.xcassets in Resources */,
				638EE245248A367800978764 /* Main.storyboard in Resources */,
				638EE27C248A4C9900978764 /* BooldPreViewController.xib in Resources */,
				638EE276248A4B8400978764 /* MainViewController.xib in Resources */,
			);
			runOnlyForDeploymentPostprocessing = 0;
		};
/* End PBXResourcesBuildPhase section */

/* Begin PBXSourcesBuildPhase section */
		638EE233248A367800978764 /* Sources */ = {
			isa = PBXSourcesBuildPhase;
			buildActionMask = 2147483647;
			files = (
				638EE25F248A368C00978764 /* YOBaseChartView.m in Sources */,
				638EE268248A38E200978764 /* YOBooldPressureView.m in Sources */,
				638EE242248A367800978764 /* ViewController.m in Sources */,
				638EE261248A368C00978764 /* YOXAxis.m in Sources */,
				638EE262248A368C00978764 /* YOChartViewModel.m in Sources */,
				638EE270248A490000978764 /* YOBPValueModel.m in Sources */,
				638EE260248A368C00978764 /* YOYAxis.m in Sources */,
				638EE27B248A4C9900978764 /* BooldPreViewController.m in Sources */,
				638EE275248A4B8400978764 /* MainViewController.m in Sources */,
				638EE26C248A3CE600978764 /* YOBooldPressureBarView.m in Sources */,
				638EE23C248A367800978764 /* AppDelegate.m in Sources */,
				638EE24D248A367D00978764 /* main.m in Sources */,
				638EE23F248A367800978764 /* SceneDelegate.m in Sources */,
			);
			runOnlyForDeploymentPostprocessing = 0;
		};
/* End PBXSourcesBuildPhase section */

/* Begin PBXVariantGroup section */
		638EE243248A367800978764 /* Main.storyboard */ = {
			isa = PBXVariantGroup;
			children = (
				638EE244248A367800978764 /* Base */,
			);
			name = Main.storyboard;
			sourceTree = "<group>";
		};
		638EE248248A367D00978764 /* LaunchScreen.storyboard */ = {
			isa = PBXVariantGroup;
			children = (
				638EE249248A367D00978764 /* Base */,
			);
			name = LaunchScreen.storyboard;
			sourceTree = "<group>";
		};
/* End PBXVariantGroup section */

/* Begin XCBuildConfiguration section */
		638EE24E248A367E00978764 /* Debug */ = {
			isa = XCBuildConfiguration;
			buildSettings = {
				ALWAYS_SEARCH_USER_PATHS = NO;
				CLANG_ANALYZER_NONNULL = YES;
				CLANG_ANALYZER_NUMBER_OBJECT_CONVERSION = YES_AGGRESSIVE;
				CLANG_CXX_LANGUAGE_STANDARD = "gnu++14";
				CLANG_CXX_LIBRARY = "libc++";
				CLANG_ENABLE_MODULES = YES;
				CLANG_ENABLE_OBJC_ARC = YES;
				CLANG_ENABLE_OBJC_WEAK = YES;
				CLANG_WARN_BLOCK_CAPTURE_AUTORELEASING = YES;
				CLANG_WARN_BOOL_CONVERSION = YES;
				CLANG_WARN_COMMA = YES;
				CLANG_WARN_CONSTANT_CONVERSION = YES;
				CLANG_WARN_DEPRECATED_OBJC_IMPLEMENTATIONS = YES;
				CLANG_WARN_DIRECT_OBJC_ISA_USAGE = YES_ERROR;
				CLANG_WARN_DOCUMENTATION_COMMENTS = YES;
				CLANG_WARN_EMPTY_BODY = YES;
				CLANG_WARN_ENUM_CONVERSION = YES;
				CLANG_WARN_INFINITE_RECURSION = YES;
				CLANG_WARN_INT_CONVERSION = YES;
				CLANG_WARN_NON_LITERAL_NULL_CONVERSION = YES;
				CLANG_WARN_OBJC_IMPLICIT_RETAIN_SELF = YES;
				CLANG_WARN_OBJC_LITERAL_CONVERSION = YES;
				CLANG_WARN_OBJC_ROOT_CLASS = YES_ERROR;
				CLANG_WARN_RANGE_LOOP_ANALYSIS = YES;
				CLANG_WARN_STRICT_PROTOTYPES = YES;
				CLANG_WARN_SUSPICIOUS_MOVE = YES;
				CLANG_WARN_UNGUARDED_AVAILABILITY = YES_AGGRESSIVE;
				CLANG_WARN_UNREACHABLE_CODE = YES;
				CLANG_WARN__DUPLICATE_METHOD_MATCH = YES;
				COPY_PHASE_STRIP = NO;
				DEBUG_INFORMATION_FORMAT = dwarf;
				ENABLE_STRICT_OBJC_MSGSEND = YES;
				ENABLE_TESTABILITY = YES;
				GCC_C_LANGUAGE_STANDARD = gnu11;
				GCC_DYNAMIC_NO_PIC = NO;
				GCC_NO_COMMON_BLOCKS = YES;
				GCC_OPTIMIZATION_LEVEL = 0;
				GCC_PREPROCESSOR_DEFINITIONS = (
					"DEBUG=1",
					"$(inherited)",
				);
				GCC_WARN_64_TO_32_BIT_CONVERSION = YES;
				GCC_WARN_ABOUT_RETURN_TYPE = YES_ERROR;
				GCC_WARN_UNDECLARED_SELECTOR = YES;
				GCC_WARN_UNINITIALIZED_AUTOS = YES_AGGRESSIVE;
				GCC_WARN_UNUSED_FUNCTION = YES;
				GCC_WARN_UNUSED_VARIABLE = YES;
				IPHONEOS_DEPLOYMENT_TARGET = 13.4;
				MTL_ENABLE_DEBUG_INFO = INCLUDE_SOURCE;
				MTL_FAST_MATH = YES;
				ONLY_ACTIVE_ARCH = YES;
				SDKROOT = iphoneos;
			};
			name = Debug;
		};
		638EE24F248A367E00978764 /* Release */ = {
			isa = XCBuildConfiguration;
			buildSettings = {
				ALWAYS_SEARCH_USER_PATHS = NO;
				CLANG_ANALYZER_NONNULL = YES;
				CLANG_ANALYZER_NUMBER_OBJECT_CONVERSION = YES_AGGRESSIVE;
				CLANG_CXX_LANGUAGE_STANDARD = "gnu++14";
				CLANG_CXX_LIBRARY = "libc++";
				CLANG_ENABLE_MODULES = YES;
				CLANG_ENABLE_OBJC_ARC = YES;
				CLANG_ENABLE_OBJC_WEAK = YES;
				CLANG_WARN_BLOCK_CAPTURE_AUTORELEASING = YES;
				CLANG_WARN_BOOL_CONVERSION = YES;
				CLANG_WARN_COMMA = YES;
				CLANG_WARN_CONSTANT_CONVERSION = YES;
				CLANG_WARN_DEPRECATED_OBJC_IMPLEMENTATIONS = YES;
				CLANG_WARN_DIRECT_OBJC_ISA_USAGE = YES_ERROR;
				CLANG_WARN_DOCUMENTATION_COMMENTS = YES;
				CLANG_WARN_EMPTY_BODY = YES;
				CLANG_WARN_ENUM_CONVERSION = YES;
				CLANG_WARN_INFINITE_RECURSION = YES;
				CLANG_WARN_INT_CONVERSION = YES;
				CLANG_WARN_NON_LITERAL_NULL_CONVERSION = YES;
				CLANG_WARN_OBJC_IMPLICIT_RETAIN_SELF = YES;
				CLANG_WARN_OBJC_LITERAL_CONVERSION = YES;
				CLANG_WARN_OBJC_ROOT_CLASS = YES_ERROR;
				CLANG_WARN_RANGE_LOOP_ANALYSIS = YES;
				CLANG_WARN_STRICT_PROTOTYPES = YES;
				CLANG_WARN_SUSPICIOUS_MOVE = YES;
				CLANG_WARN_UNGUARDED_AVAILABILITY = YES_AGGRESSIVE;
				CLANG_WARN_UNREACHABLE_CODE = YES;
				CLANG_WARN__DUPLICATE_METHOD_MATCH = YES;
				COPY_PHASE_STRIP = NO;
				DEBUG_INFORMATION_FORMAT = "dwarf-with-dsym";
				ENABLE_NS_ASSERTIONS = NO;
				ENABLE_STRICT_OBJC_MSGSEND = YES;
				GCC_C_LANGUAGE_STANDARD = gnu11;
				GCC_NO_COMMON_BLOCKS = YES;
				GCC_WARN_64_TO_32_BIT_CONVERSION = YES;
				GCC_WARN_ABOUT_RETURN_TYPE = YES_ERROR;
				GCC_WARN_UNDECLARED_SELECTOR = YES;
				GCC_WARN_UNINITIALIZED_AUTOS = YES_AGGRESSIVE;
				GCC_WARN_UNUSED_FUNCTION = YES;
				GCC_WARN_UNUSED_VARIABLE = YES;
				IPHONEOS_DEPLOYMENT_TARGET = 13.4;
				MTL_ENABLE_DEBUG_INFO = NO;
				MTL_FAST_MATH = YES;
				SDKROOT = iphoneos;
				VALIDATE_PRODUCT = YES;
			};
			name = Release;
		};
		638EE251248A367E00978764 /* Debug */ = {
			isa = XCBuildConfiguration;
			buildSettings = {
				ASSETCATALOG_COMPILER_APPICON_NAME = AppIcon;
				CODE_SIGN_STYLE = Automatic;
				DEVELOPMENT_TEAM = D63XASFCZU;
				INFOPLIST_FILE = HealthChartView/Info.plist;
				IPHONEOS_DEPLOYMENT_TARGET = 9.0;
				LD_RUNPATH_SEARCH_PATHS = (
					"$(inherited)",
					"@executable_path/Frameworks",
				);
				PRODUCT_BUNDLE_IDENTIFIER = com.horange.cn.HealthChartView;
				PRODUCT_NAME = "$(TARGET_NAME)";
				TARGETED_DEVICE_FAMILY = "1,2";
			};
			name = Debug;
		};
		638EE252248A367E00978764 /* Release */ = {
			isa = XCBuildConfiguration;
			buildSettings = {
				ASSETCATALOG_COMPILER_APPICON_NAME = AppIcon;
				CODE_SIGN_STYLE = Automatic;
				DEVELOPMENT_TEAM = D63XASFCZU;
				INFOPLIST_FILE = HealthChartView/Info.plist;
				IPHONEOS_DEPLOYMENT_TARGET = 9.0;
				LD_RUNPATH_SEARCH_PATHS = (
					"$(inherited)",
					"@executable_path/Frameworks",
				);
				PRODUCT_BUNDLE_IDENTIFIER = com.horange.cn.HealthChartView;
				PRODUCT_NAME = "$(TARGET_NAME)";
				TARGETED_DEVICE_FAMILY = "1,2";
			};
			name = Release;
		};
/* End XCBuildConfiguration section */

/* Begin XCConfigurationList section */
		638EE232248A367800978764 /* Build configuration list for PBXProject "HealthChartView" */ = {
			isa = XCConfigurationList;
			buildConfigurations = (
				638EE24E248A367E00978764 /* Debug */,
				638EE24F248A367E00978764 /* Release */,
			);
			defaultConfigurationIsVisible = 0;
			defaultConfigurationName = Release;
		};
		638EE250248A367E00978764 /* Build configuration list for PBXNativeTarget "HealthChartView" */ = {
			isa = XCConfigurationList;
			buildConfigurations = (
				638EE251248A367E00978764 /* Debug */,
				638EE252248A367E00978764 /* Release */,
			);
			defaultConfigurationIsVisible = 0;
			defaultConfigurationName = Release;
		};
/* End XCConfigurationList section */
	};
	rootObject = 638EE22F248A367800978764 /* Project object */;
}
